
Microsoft Visual Studio Solution File, Format Version 12.00
# Visual Studio Express 2013 for Windows Desktop
VisualStudioVersion = 12.0.30723.0
MinimumVisualStudioVersion = 10.0.40219.1
Project("{F2A71F9B-5D33-465A-A702-920D77279786}") = "FSharp.Client.Formlet.Core", "FSharp.Client.Formlet.Core\FSharp.Client.Formlet.Core.fsproj", "{258228D1-A6F4-4256-BF92-D2FEE5875F7E}"
EndProject
Project("{F2A71F9B-5D33-465A-A702-920D77279786}") = "FSharp.Client.Formlet.WPF", "FSharp.Client.Formlet.WPF\FSharp.Client.Formlet.WPF.fsproj", "{95E55AE1-C58C-4CA2-BBCD-40DED409935E}"
EndProject
Project("{F2A71F9B-5D33-465A-A702-920D77279786}") = "FSharp.Client.Formlet.WPF.TestApp", "FSharp.Client.Formlet.WPF.TestApp\FSharp.Client.Formlet.WPF.TestApp.fsproj", "{4549810D-67EC-42F9-B830-DD3DF777D414}"
EndProject
Project("{2150E333-8FDC-42A3-9474-1A3956D46DE8}") = "9. Other", "9. Other", "{5CE601E5-3EBA-468D-AF0A-052517C7A617}"
	ProjectSection(SolutionItems) = preProject
		..\LICENSE = ..\LICENSE
		..\README.md = ..\README.md
	EndProjectSection
EndProject
Project("{2150E333-8FDC-42A3-9474-1A3956D46DE8}") = "0. Core", "0. Core", "{2C0B46B2-E3F1-4497-B662-8FD690257F60}"
EndProject
Project("{2150E333-8FDC-42A3-9474-1A3956D46DE8}") = "1. WPF", "1. WPF", "{BC7F8D9D-197E-4167-A922-3FEAC07CB222}"
EndProject
Project("{2150E333-8FDC-42A3-9474-1A3956D46DE8}") = "2. WindowsForms", "2. WindowsForms", "{12CA42C8-5B02-487A-83B7-56EF2C0C3110}"
EndProject
Project("{F2A71F9B-5D33-465A-A702-920D77279786}") = "FSharp.Client.Formlet.WindowsForms", "FSharp.Client.Formlet.WindowsForms\FSharp.Client.Formlet.WindowsForms.fsproj", "{C8C19FA9-7E85-4346-B96D-9EAD2E139F41}"
EndProject
Project("{F2A71F9B-5D33-465A-A702-920D77279786}") = "FSharp.Client.Formlet.WindowsForms.TestApp", "FSharp.Client.Formlet.WindowsForms.TestApp\FSharp.Client.Formlet.WindowsForms.TestApp.fsproj", "{1722BEEE-03EA-44B7-AFD5-0C1ADB1174D8}"
EndProject
Global
	GlobalSection(SolutionConfigurationPlatforms) = preSolution
		Debug|Any CPU = Debug|Any CPU
		Release|Any CPU = Release|Any CPU
	EndGlobalSection
	GlobalSection(ProjectConfigurationPlatforms) = postSolution
		{258228D1-A6F4-4256-BF92-D2FEE5875F7E}.Debug|Any CPU.ActiveCfg = Debug|Any CPU
		{258228D1-A6F4-4256-BF92-D2FEE5875F7E}.Debug|Any CPU.Build.0 = Debug|Any CPU
		{258228D1-A6F4-4256-BF92-D2FEE5875F7E}.Release|Any CPU.ActiveCfg = Release|Any CPU
		{258228D1-A6F4-4256-BF92-D2FEE5875F7E}.Release|Any CPU.Build.0 = Release|Any CPU
		{95E55AE1-C58C-4CA2-BBCD-40DED409935E}.Debug|Any CPU.ActiveCfg = Debug|Any CPU
		{95E55AE1-C58C-4CA2-BBCD-40DED409935E}.Debug|Any CPU.Build.0 = Debug|Any CPU
		{95E55AE1-C58C-4CA2-BBCD-40DED409935E}.Release|Any CPU.ActiveCfg = Release|Any CPU
		{95E55AE1-C58C-4CA2-BBCD-40DED409935E}.Release|Any CPU.Build.0 = Release|Any CPU
		{4549810D-67EC-42F9-B830-DD3DF777D414}.Debug|Any CPU.ActiveCfg = Debug|Any CPU
		{4549810D-67EC-42F9-B830-DD3DF777D414}.Debug|Any CPU.Build.0 = Debug|Any CPU
		{4549810D-67EC-42F9-B830-DD3DF777D414}.Release|Any CPU.ActiveCfg = Release|Any CPU
		{4549810D-67EC-42F9-B830-DD3DF777D414}.Release|Any CPU.Build.0 = Release|Any CPU
		{C8C19FA9-7E85-4346-B96D-9EAD2E139F41}.Debug|Any CPU.ActiveCfg = Debug|Any CPU
		{C8C19FA9-7E85-4346-B96D-9EAD2E139F41}.Debug|Any CPU.Build.0 = Debug|Any CPU
		{C8C19FA9-7E85-4346-B96D-9EAD2E139F41}.Release|Any CPU.ActiveCfg = Release|Any CPU
		{C8C19FA9-7E85-4346-B96D-9EAD2E139F41}.Release|Any CPU.Build.0 = Release|Any CPU
		{1722BEEE-03EA-44B7-AFD5-0C1ADB1174D8}.Debug|Any CPU.ActiveCfg = Debug|Any CPU
		{1722BEEE-03EA-44B7-AFD5-0C1ADB1174D8}.Debug|Any CPU.Build.0 = Debug|Any CPU
		{1722BEEE-03EA-44B7-AFD5-0C1ADB1174D8}.Release|Any CPU.ActiveCfg = Release|Any CPU
		{1722BEEE-03EA-44B7-AFD5-0C1ADB1174D8}.Release|Any CPU.Build.0 = Release|Any CPU
	EndGlobalSection
	GlobalSection(SolutionProperties) = preSolution
		HideSolutionNode = FALSE
	EndGlobalSection
	GlobalSection(NestedProjects) = preSolution
		{258228D1-A6F4-4256-BF92-D2FEE5875F7E} = {2C0B46B2-E3F1-4497-B662-8FD690257F60}
		{95E55AE1-C58C-4CA2-BBCD-40DED409935E} = {BC7F8D9D-197E-4167-A922-3FEAC07CB222}
		{4549810D-67EC-42F9-B830-DD3DF777D414} = {BC7F8D9D-197E-4167-A922-3FEAC07CB222}
		{C8C19FA9-7E85-4346-B96D-9EAD2E139F41} = {12CA42C8-5B02-487A-83B7-56EF2C0C3110}
		{1722BEEE-03EA-44B7-AFD5-0C1ADB1174D8} = {12CA42C8-5B02-487A-83B7-56EF2C0C3110}
	EndGlobalSection
EndGlobal
